
Microsoft Visual Studio Solution File, Format Version 12.00
# Visual Studio Version 16
VisualStudioVersion = 16.0.32413.511
MinimumVisualStudioVersion = 10.0.40219.1
Project("{FAE04EC0-301F-11D3-BF4B-00C04F79EFBC}") = "N-Queens", "N-Queens\N-Queens.csproj", "{C9CD1553-3CA2-4578-8ACC-F76D29540C92}"
EndProject
Global
	GlobalSection(SolutionConfigurationPlatforms) = preSolution
		Debug|Any CPU = Debug|Any CPU
		Release|Any CPU = Release|Any CPU
	EndGlobalSection
	GlobalSection(ProjectConfigurationPlatforms) = postSolution
		{C9CD1553-3CA2-4578-8ACC-F76D29540C92}.Debug|Any CPU.ActiveCfg = Debug|Any CPU
		{C9CD1553-3CA2-4578-8ACC-F76D29540C92}.Debug|Any CPU.Build.0 = Debug|Any CPU
		{C9CD1553-3CA2-4578-8ACC-F76D29540C92}.Release|Any CPU.ActiveCfg = Release|Any CPU
		{C9CD1553-3CA2-4578-8ACC-F76D29540C92}.Release|Any CPU.Build.0 = Release|Any CPU
	EndGlobalSection
	GlobalSection(SolutionProperties) = preSolution
		HideSolutionNode = FALSE
	EndGlobalSection
	GlobalSection(ExtensibilityGlobals) = postSolution
		SolutionGuid = {FAE89AA4-53BD-4AC4-BFA4-969B73F449A0}
	EndGlobalSection
EndGlobal
